
Microsoft Visual Studio Solution File, Format Version 12.00
# Visual Studio Version 16
VisualStudioVersion = 16.0.31911.196
MinimumVisualStudioVersion = 10.0.40219.1
Project("{9A19103F-16F7-4668-BE54-9A1E7A4F7556}") = "core3.1api", "core3.1api.csproj", "{DE34889A-8C0D-4EF7-96E6-ABD71056652A}"
EndProject
Global
	GlobalSection(SolutionConfigurationPlatforms) = preSolution
		Debug|Any CPU = Debug|Any CPU
		Release|Any CPU = Release|Any CPU
	EndGlobalSection
	GlobalSection(ProjectConfigurationPlatforms) = postSolution
		{DE34889A-8C0D-4EF7-96E6-ABD71056652A}.Debug|Any CPU.ActiveCfg = Debug|Any CPU
		{DE34889A-8C0D-4EF7-96E6-ABD71056652A}.Debug|Any CPU.Build.0 = Debug|Any CPU
		{DE34889A-8C0D-4EF7-96E6-ABD71056652A}.Release|Any CPU.ActiveCfg = Release|Any CPU
		{DE34889A-8C0D-4EF7-96E6-ABD71056652A}.Release|Any CPU.Build.0 = Release|Any CPU
	EndGlobalSection
	GlobalSection(SolutionProperties) = preSolution
		HideSolutionNode = FALSE
	EndGlobalSection
	GlobalSection(ExtensibilityGlobals) = postSolution
		SolutionGuid = {3FF94C64-CC5D-4B0F-9520-657B4202B3EE}
	EndGlobalSection
EndGlobal
